{
  "dependencies": [
    {
      "commit": "9279e6832b85b81adea67247f1715381e931035b",
      "hash": "2af9dd898908cb31c03c22d272b6c7bbadbad7c1f34ebcebceb04f2c26c5d6ee",
      "id": "softadastra/core",
      "repo": "https://github.com/softadastra/core",
      "requested": "1.8.0",
      "tag": "v1.8.0",
      "version": "1.8.0"
    },
    {
      "commit": "5d7b852e678d2cdc43389cacf6da1ecdb6226495",
      "hash": "c9843d11e6fa9241a5d6080facfd23af55f21b9f3ef5f40dcd334b224a6bbbd4",
      "id": "softadastra/fs",
      "repo": "https://github.com/softadastra/fs",
      "requested": "1.12.0",
      "tag": "v1.12.0",
      "version": "1.12.0"
    }
  ],
  "lockVersion": 1
}
